# THIS IS AN AUTOGENERATED FILE. DO NOT EDIT THIS FILE DIRECTLY.
# yarn lockfile v1


"@types/marked@^4.0.3":
  version "4.0.3"
  resolved "https://registry.yarnpkg.com/@types/marked/-/marked-4.0.3.tgz#2098f4a77adaba9ce881c9e0b6baf29116e5acc4"
  integrity sha512-HnMWQkLJEf/PnxZIfbm0yGJRRZYYMhb++O9M36UCTA9z53uPvVoSlAwJr3XOpDEryb7Hwl1qAx/MV6YIW1RXxg==

"@types/mkdirp@^1.0.2":
  version "1.0.2"
  resolved "https://registry.yarnpkg.com/@types/mkdirp/-/mkdirp-1.0.2.tgz#8d0bad7aa793abe551860be1f7ae7f3198c16666"
  integrity sha512-o0K1tSO0Dx5X6xlU5F1D6625FawhC3dU3iqr25lluNv/+/QIVH8RLNEiVokgIZo+mz+87w/3Mkg/VvQS+J51fQ==
  dependencies:
    "@types/node" "*"

"@types/node@*":
  version "17.0.31"
  resolved "https://registry.yarnpkg.com/@types/node/-/node-17.0.31.tgz#a5bb84ecfa27eec5e1c802c6bbf8139bdb163a5d"
  integrity sha512-AR0x5HbXGqkEx9CadRH3EBYx/VkiUgZIhP4wvPn/+5KIsgpNoyFaRlVe0Zlx9gRtg8fA06a9tskE2MSN7TcG4Q==

"@types/prop-types@*":
  version "15.7.5"
  resolved "https://registry.yarnpkg.com/@types/prop-types/-/prop-types-15.7.5.tgz#5f19d2b85a98e9558036f6a3cacc8819420f05cf"
  integrity sha512-JCB8C6SnDoQf0cNycqd/35A7MjcnK+ZTqE7judS6o7utxUCg6imJg3QK2qzHKszlTjcj2cn+NwMB2i96ubpj7w==

"@types/react-dom@^18.0.3":
  version "18.0.3"
  resolved "https://registry.yarnpkg.com/@types/react-dom/-/react-dom-18.0.3.tgz#a022ea08c75a476fe5e96b675c3e673363853831"
  integrity sha512-1RRW9kst+67gveJRYPxGmVy8eVJ05O43hg77G2j5m76/RFJtMbcfAs2viQ2UNsvvDg8F7OfQZx8qQcl6ymygaQ==
  dependencies:
    "@types/react" "*"

"@types/react@*", "@types/react@^18.0.8":
  version "18.0.8"
  resolved "https://registry.yarnpkg.com/@types/react/-/react-18.0.8.tgz#a051eb380a9fbcaa404550543c58e1cf5ce4ab87"
  integrity sha512-+j2hk9BzCOrrOSJASi5XiOyBbERk9jG5O73Ya4M0env5Ixi6vUNli4qy994AINcEF+1IEHISYFfIT4zwr++LKw==
  dependencies:
    "@types/prop-types" "*"
    "@types/scheduler" "*"
    csstype "^3.0.2"

"@types/scheduler@*":
  version "0.16.2"
  resolved "https://registry.yarnpkg.com/@types/scheduler/-/scheduler-0.16.2.tgz#1a62f89525723dde24ba1b01b092bf5df8ad4d39"
  integrity sha512-hppQEBDmlwhFAXKJX2KnWLYu5yMfi91yazPb2l+lbJiwW+wdo1gNeRA+3RgNSO39WYX2euey41KEwnqesU2Jew==

csstype@^3.0.2:
  version "3.0.11"
  resolved "https://registry.yarnpkg.com/csstype/-/csstype-3.0.11.tgz#d66700c5eacfac1940deb4e3ee5642792d85cd33"
  integrity sha512-sa6P2wJ+CAbgyy4KFssIb/JNMLxFvKF1pCYCSXS8ZMuqZnMsrxqI2E5sPyoTpxoPU/gVZMzr2zjOfg8GIZOMsw==

highlight.js@^11.5.1:
  version "11.5.1"
  resolved "https://registry.yarnpkg.com/highlight.js/-/highlight.js-11.5.1.tgz#027c24e4509e2f4dcd00b4a6dda542ce0a1f7aea"
  integrity sha512-LKzHqnxr4CrD2YsNoIf/o5nJ09j4yi/GcH5BnYz9UnVpZdS4ucMgvP61TDty5xJcFGRjnH4DpujkS9bHT3hq0Q==

"js-tokens@^3.0.0 || ^4.0.0":
  version "4.0.0"
  resolved "https://registry.yarnpkg.com/js-tokens/-/js-tokens-4.0.0.tgz#19203fb59991df98e3a287050d4647cdeaf32499"
  integrity sha512-RdJUflcE3cUzKiMqQgsCu06FPu9UdIJO0beYbPhHN4k6apgJtifcoCtT9bcxOpYBtpD2kCM6Sbzg4CausW/PKQ==

loose-envify@^1.1.0:
  version "1.4.0"
  resolved "https://registry.yarnpkg.com/loose-envify/-/loose-envify-1.4.0.tgz#71ee51fa7be4caec1a63839f7e682d8132d30caf"
  integrity sha512-lyuxPGr/Wfhrlem2CL/UcnUc1zcqKAImBDzukY7Y5F/yQiNdko6+fRLevlw1HgMySw7f611UIY408EtxRSoK3Q==
  dependencies:
    js-tokens "^3.0.0 || ^4.0.0"

marked@^4.0.15:
  version "4.0.15"
  resolved "https://registry.yarnpkg.com/marked/-/marked-4.0.15.tgz#0216b7c9d5fcf6ac5042343c41d81a8b1b5e1b4a"
  integrity sha512-esX5lPdTfG4p8LDkv+obbRCyOKzB+820ZZyMOXJZygZBHrH9b3xXR64X4kT3sPe9Nx8qQXbmcz6kFSMt4Nfk6Q==

mkdirp@^1.0.4:
  version "1.0.4"
  resolved "https://registry.yarnpkg.com/mkdirp/-/mkdirp-1.0.4.tgz#3eb5ed62622756d79a5f0e2a221dfebad75c2f7e"
  integrity sha512-vVqVZQyf3WLx2Shd0qJ9xuvqgAyKPLAiqITEtqW0oIUjzo3PePDd6fW9iFz30ef7Ysp/oiWqbhszeGWW2T6Gzw==

react-dom@^18.1.0:
  version "18.1.0"
  resolved "https://registry.yarnpkg.com/react-dom/-/react-dom-18.1.0.tgz#7f6dd84b706408adde05e1df575b3a024d7e8a2f"
  integrity sha512-fU1Txz7Budmvamp7bshe4Zi32d0ll7ect+ccxNu9FlObT605GOEB8BfO4tmRJ39R5Zj831VCpvQ05QPBW5yb+w==
  dependencies:
    loose-envify "^1.1.0"
    scheduler "^0.22.0"

react@^18.1.0:
  version "18.1.0"
  resolved "https://registry.yarnpkg.com/react/-/react-18.1.0.tgz#6f8620382decb17fdc5cc223a115e2adbf104890"
  integrity sha512-4oL8ivCz5ZEPyclFQXaNksK3adutVS8l2xzZU0cqEFrE9Sb7fC0EFK5uEk74wIreL1DERyjvsU915j1pcT2uEQ==
  dependencies:
    loose-envify "^1.1.0"

scheduler@^0.22.0:
  version "0.22.0"
  resolved "https://registry.yarnpkg.com/scheduler/-/scheduler-0.22.0.tgz#83a5d63594edf074add9a7198b1bae76c3db01b8"
  integrity sha512-6QAm1BgQI88NPYymgGQLCZgvep4FyePDWFpXVK+zNSUgHwlqpJy8VEh8Et0KxTACS4VWwMousBElAZOH9nkkoQ==
  dependencies:
    loose-envify "^1.1.0"

typescript@^4.6.4:
  version "4.6.4"
  resolved "https://registry.yarnpkg.com/typescript/-/typescript-4.6.4.tgz#caa78bbc3a59e6a5c510d35703f6a09877ce45e9"
  integrity sha512-9ia/jWHIEbo49HfjrLGfKbZSuWo9iTMwXO+Ca3pRsSpbsMbc7/IU8NKdCZVRRBafVPGnoJeFL76ZOAA84I9fEg==
